// !$*UTF8*$!
{
	archiveVersion = 1;
	classes = {
	};
	objectVersion = 50;
	objects = {

/* Begin PBXBuildFile section */
		B566FE7625F18FF000EB9724 /* PigeonHoleCardTrickApp.swift in Sources */ = {isa = PBXBuildFile; fileRef = B566FE7525F18FF000EB9724 /* PigeonHoleCardTrickApp.swift */; };
		B566FE7825F18FF000EB9724 /* ContentView.swift in Sources */ = {isa = PBXBuildFile; fileRef = B566FE7725F18FF000EB9724 /* ContentView.swift */; };
		B566FE7A25F18FF100EB9724 /* Assets.xcassets in Resources */ = {isa = PBXBuildFile; fileRef = B566FE7925F18FF100EB9724 /* Assets.xcassets */; };
		B566FE7D25F18FF100EB9724 /* Preview Assets.xcassets in Resources */ = {isa = PBXBuildFile; fileRef = B566FE7C25F18FF100EB9724 /* Preview Assets.xcassets */; };
		B566FE8625F1990E00EB9724 /* PlayingCardPickerView.swift in Sources */ = {isa = PBXBuildFile; fileRef = B566FE8525F1990E00EB9724 /* PlayingCardPickerView.swift */; };
/* End PBXBuildFile section */

/* Begin PBXFileReference section */
		B566FE7225F18FF000EB9724 /* PigeonHoleCardTrick.app */ = {isa = PBXFileReference; explicitFileType = wrapper.application; includeInIndex = 0; path = PigeonHoleCardTrick.app; sourceTree = BUILT_PRODUCTS_DIR; };
		B566FE7525F18FF000EB9724 /* PigeonHoleCardTrickApp.swift */ = {isa = PBXFileReference; lastKnownFileType = sourcecode.swift; path = PigeonHoleCardTrickApp.swift; sourceTree = "<group>"; };
		B566FE7725F18FF000EB9724 /* ContentView.swift */ = {isa = PBXFileReference; lastKnownFileType = sourcecode.swift; path = ContentView.swift; sourceTree = "<group>"; };
		B566FE7925F18FF100EB9724 /* Assets.xcassets */ = {isa = PBXFileReference; lastKnownFileType = folder.assetcatalog; path = Assets.xcassets; sourceTree = "<group>"; };
		B566FE7C25F18FF100EB9724 /* Preview Assets.xcassets */ = {isa = PBXFileReference; lastKnownFileType = folder.assetcatalog; path = "Preview Assets.xcassets"; sourceTree = "<group>"; };
		B566FE7E25F18FF100EB9724 /* Info.plist */ = {isa = PBXFileReference; lastKnownFileType = text.plist.xml; path = Info.plist; sourceTree = "<group>"; };
		B566FE8525F1990E00EB9724 /* PlayingCardPickerView.swift */ = {isa = PBXFileReference; lastKnownFileType = sourcecode.swift; path = PlayingCardPickerView.swift; sourceTree = "<group>"; };
/* End PBXFileReference section */

/* Begin PBXFrameworksBuildPhase section */
		B566FE6F25F18FF000EB9724 /* Frameworks */ = {
			isa = PBXFrameworksBuildPhase;
			buildActionMask = 2147483647;
			files = (
			);
			runOnlyForDeploymentPostprocessing = 0;
		};
/* End PBXFrameworksBuildPhase section */

/* Begin PBXGroup section */
		B566FE6925F18FF000EB9724 = {
			isa = PBXGroup;
			children = (
				B566FE7425F18FF000EB9724 /* PigeonHoleCardTrick */,
				B566FE7325F18FF000EB9724 /* Products */,
			);
			sourceTree = "<group>";
		};
		B566FE7325F18FF000EB9724 /* Products */ = {
			isa = PBXGroup;
			children = (
				B566FE7225F18FF000EB9724 /* PigeonHoleCardTrick.app */,
			);
			name = Products;
			sourceTree = "<group>";
		};
		B566FE7425F18FF000EB9724 /* PigeonHoleCardTrick */ = {
			isa = PBXGroup;
			children = (
				B566FE7525F18FF000EB9724 /* PigeonHoleCardTrickApp.swift */,
				B566FE7725F18FF000EB9724 /* ContentView.swift */,
				B566FE8525F1990E00EB9724 /* PlayingCardPickerView.swift */,
				B566FE7925F18FF100EB9724 /* Assets.xcassets */,
				B566FE7E25F18FF100EB9724 /* Info.plist */,
				B566FE7B25F18FF100EB9724 /* Preview Content */,
			);
			path = PigeonHoleCardTrick;
			sourceTree = "<group>";
		};
		B566FE7B25F18FF100EB9724 /* Preview Content */ = {
			isa = PBXGroup;
			children = (
				B566FE7C25F18FF100EB9724 /* Preview Assets.xcassets */,
			);
			path = "Preview Content";
			sourceTree = "<group>";
		};
/* End PBXGroup section */

/* Begin PBXNativeTarget section */
		B566FE7125F18FF000EB9724 /* PigeonHoleCardTrick */ = {
			isa = PBXNativeTarget;
			buildConfigurationList = B566FE8125F18FF100EB9724 /* Build configuration list for PBXNativeTarget "PigeonHoleCardTrick" */;
			buildPhases = (
				B566FE6E25F18FF000EB9724 /* Sources */,
				B566FE6F25F18FF000EB9724 /* Frameworks */,
				B566FE7025F18FF000EB9724 /* Resources */,
			);
			buildRules = (
			);
			dependencies = (
			);
			name = PigeonHoleCardTrick;
			productName = PigeonHoleCardTrick;
			productReference = B566FE7225F18FF000EB9724 /* PigeonHoleCardTrick.app */;
			productType = "com.apple.product-type.application";
		};
/* End PBXNativeTarget section */

/* Begin PBXProject section */
		B566FE6A25F18FF000EB9724 /* Project object */ = {
			isa = PBXProject;
			attributes = {
				LastSwiftUpdateCheck = 1230;
				LastUpgradeCheck = 1230;
				TargetAttributes = {
					B566FE7125F18FF000EB9724 = {
						CreatedOnToolsVersion = 12.3;
					};
				};
			};
			buildConfigurationList = B566FE6D25F18FF000EB9724 /* Build configuration list for PBXProject "PigeonHoleCardTrick" */;
			compatibilityVersion = "Xcode 9.3";
			developmentRegion = en;
			hasScannedForEncodings = 0;
			knownRegions = (
				en,
				Base,
			);
			mainGroup = B566FE6925F18FF000EB9724;
			productRefGroup = B566FE7325F18FF000EB9724 /* Products */;
			projectDirPath = "";
			projectRoot = "";
			targets = (
				B566FE7125F18FF000EB9724 /* PigeonHoleCardTrick */,
			);
		};
/* End PBXProject section */

/* Begin PBXResourcesBuildPhase section */
		B566FE7025F18FF000EB9724 /* Resources */ = {
			isa = PBXResourcesBuildPhase;
			buildActionMask = 2147483647;
			files = (
				B566FE7D25F18FF100EB9724 /* Preview Assets.xcassets in Resources */,
				B566FE7A25F18FF100EB9724 /* Assets.xcassets in Resources */,
			);
			runOnlyForDeploymentPostprocessing = 0;
		};
/* End PBXResourcesBuildPhase section */

/* Begin PBXSourcesBuildPhase section */
		B566FE6E25F18FF000EB9724 /* Sources */ = {
			isa = PBXSourcesBuildPhase;
			buildActionMask = 2147483647;
			files = (
				B566FE7825F18FF000EB9724 /* ContentView.swift in Sources */,
				B566FE8625F1990E00EB9724 /* PlayingCardPickerView.swift in Sources */,
				B566FE7625F18FF000EB9724 /* PigeonHoleCardTrickApp.swift in Sources */,
			);
			runOnlyForDeploymentPostprocessing = 0;
		};
/* End PBXSourcesBuildPhase section */

/* Begin XCBuildConfiguration section */
		B566FE7F25F18FF100EB9724 /* Debug */ = {
			isa = XCBuildConfiguration;
			buildSettings = {
				ALWAYS_SEARCH_USER_PATHS = NO;
				CLANG_ANALYZER_NONNULL = YES;
				CLANG_ANALYZER_NUMBER_OBJECT_CONVERSION = YES_AGGRESSIVE;
				CLANG_CXX_LANGUAGE_STANDARD = "gnu++14";
				CLANG_CXX_LIBRARY = "libc++";
				CLANG_ENABLE_MODULES = YES;
				CLANG_ENABLE_OBJC_ARC = YES;
				CLANG_ENABLE_OBJC_WEAK = YES;
				CLANG_WARN_BLOCK_CAPTURE_AUTORELEASING = YES;
				CLANG_WARN_BOOL_CONVERSION = YES;
				CLANG_WARN_COMMA = YES;
				CLANG_WARN_CONSTANT_CONVERSION = YES;
				CLANG_WARN_DEPRECATED_OBJC_IMPLEMENTATIONS = YES;
				CLANG_WARN_DIRECT_OBJC_ISA_USAGE = YES_ERROR;
				CLANG_WARN_DOCUMENTATION_COMMENTS = YES;
				CLANG_WARN_EMPTY_BODY = YES;
				CLANG_WARN_ENUM_CONVERSION = YES;
				CLANG_WARN_INFINITE_RECURSION = YES;
				CLANG_WARN_INT_CONVERSION = YES;
				CLANG_WARN_NON_LITERAL_NULL_CONVERSION = YES;
				CLANG_WARN_OBJC_IMPLICIT_RETAIN_SELF = YES;
				CLANG_WARN_OBJC_LITERAL_CONVERSION = YES;
				CLANG_WARN_OBJC_ROOT_CLASS = YES_ERROR;
				CLANG_WARN_QUOTED_INCLUDE_IN_FRAMEWORK_HEADER = YES;
				CLANG_WARN_RANGE_LOOP_ANALYSIS = YES;
				CLANG_WARN_STRICT_PROTOTYPES = YES;
				CLANG_WARN_SUSPICIOUS_MOVE = YES;
				CLANG_WARN_UNGUARDED_AVAILABILITY = YES_AGGRESSIVE;
				CLANG_WARN_UNREACHABLE_CODE = YES;
				CLANG_WARN__DUPLICATE_METHOD_MATCH = YES;
				COPY_PHASE_STRIP = NO;
				DEBUG_INFORMATION_FORMAT = dwarf;
				ENABLE_STRICT_OBJC_MSGSEND = YES;
				ENABLE_TESTABILITY = YES;
				GCC_C_LANGUAGE_STANDARD = gnu11;
				GCC_DYNAMIC_NO_PIC = NO;
				GCC_NO_COMMON_BLOCKS = YES;
				GCC_OPTIMIZATION_LEVEL = 0;
				GCC_PREPROCESSOR_DEFINITIONS = (
					"DEBUG=1",
					"$(inherited)",
				);
				GCC_WARN_64_TO_32_BIT_CONVERSION = YES;
				GCC_WARN_ABOUT_RETURN_TYPE = YES_ERROR;
				GCC_WARN_UNDECLARED_SELECTOR = YES;
				GCC_WARN_UNINITIALIZED_AUTOS = YES_AGGRESSIVE;
				GCC_WARN_UNUSED_FUNCTION = YES;
				GCC_WARN_UNUSED_VARIABLE = YES;
				IPHONEOS_DEPLOYMENT_TARGET = 14.3;
				MTL_ENABLE_DEBUG_INFO = INCLUDE_SOURCE;
				MTL_FAST_MATH = YES;
				ONLY_ACTIVE_ARCH = YES;
				SDKROOT = iphoneos;
				SWIFT_ACTIVE_COMPILATION_CONDITIONS = DEBUG;
				SWIFT_OPTIMIZATION_LEVEL = "-Onone";
			};
			name = Debug;
		};
		B566FE8025F18FF100EB9724 /* Release */ = {
			isa = XCBuildConfiguration;
			buildSettings = {
				ALWAYS_SEARCH_USER_PATHS = NO;
				CLANG_ANALYZER_NONNULL = YES;
				CLANG_ANALYZER_NUMBER_OBJECT_CONVERSION = YES_AGGRESSIVE;
				CLANG_CXX_LANGUAGE_STANDARD = "gnu++14";
				CLANG_CXX_LIBRARY = "libc++";
				CLANG_ENABLE_MODULES = YES;
				CLANG_ENABLE_OBJC_ARC = YES;
				CLANG_ENABLE_OBJC_WEAK = YES;
				CLANG_WARN_BLOCK_CAPTURE_AUTORELEASING = YES;
				CLANG_WARN_BOOL_CONVERSION = YES;
				CLANG_WARN_COMMA = YES;
				CLANG_WARN_CONSTANT_CONVERSION = YES;
				CLANG_WARN_DEPRECATED_OBJC_IMPLEMENTATIONS = YES;
				CLANG_WARN_DIRECT_OBJC_ISA_USAGE = YES_ERROR;
				CLANG_WARN_DOCUMENTATION_COMMENTS = YES;
				CLANG_WARN_EMPTY_BODY = YES;
				CLANG_WARN_ENUM_CONVERSION = YES;
				CLANG_WARN_INFINITE_RECURSION = YES;
				CLANG_WARN_INT_CONVERSION = YES;
				CLANG_WARN_NON_LITERAL_NULL_CONVERSION = YES;
				CLANG_WARN_OBJC_IMPLICIT_RETAIN_SELF = YES;
				CLANG_WARN_OBJC_LITERAL_CONVERSION = YES;
				CLANG_WARN_OBJC_ROOT_CLASS = YES_ERROR;
				CLANG_WARN_QUOTED_INCLUDE_IN_FRAMEWORK_HEADER = YES;
				CLANG_WARN_RANGE_LOOP_ANALYSIS = YES;
				CLANG_WARN_STRICT_PROTOTYPES = YES;
				CLANG_WARN_SUSPICIOUS_MOVE = YES;
				CLANG_WARN_UNGUARDED_AVAILABILITY = YES_AGGRESSIVE;
				CLANG_WARN_UNREACHABLE_CODE = YES;
				CLANG_WARN__DUPLICATE_METHOD_MATCH = YES;
				COPY_PHASE_STRIP = NO;
				DEBUG_INFORMATION_FORMAT = "dwarf-with-dsym";
				ENABLE_NS_ASSERTIONS = NO;
				ENABLE_STRICT_OBJC_MSGSEND = YES;
				GCC_C_LANGUAGE_STANDARD = gnu11;
				GCC_NO_COMMON_BLOCKS = YES;
				GCC_WARN_64_TO_32_BIT_CONVERSION = YES;
				GCC_WARN_ABOUT_RETURN_TYPE = YES_ERROR;
				GCC_WARN_UNDECLARED_SELECTOR = YES;
				GCC_WARN_UNINITIALIZED_AUTOS = YES_AGGRESSIVE;
				GCC_WARN_UNUSED_FUNCTION = YES;
				GCC_WARN_UNUSED_VARIABLE = YES;
				IPHONEOS_DEPLOYMENT_TARGET = 14.3;
				MTL_ENABLE_DEBUG_INFO = NO;
				MTL_FAST_MATH = YES;
				SDKROOT = iphoneos;
				SWIFT_COMPILATION_MODE = wholemodule;
				SWIFT_OPTIMIZATION_LEVEL = "-O";
				VALIDATE_PRODUCT = YES;
			};
			name = Release;
		};
		B566FE8225F18FF100EB9724 /* Debug */ = {
			isa = XCBuildConfiguration;
			buildSettings = {
				ASSETCATALOG_COMPILER_APPICON_NAME = AppIcon;
				ASSETCATALOG_COMPILER_GLOBAL_ACCENT_COLOR_NAME = AccentColor;
				CODE_SIGN_STYLE = Automatic;
				DEVELOPMENT_ASSET_PATHS = "\"PigeonHoleCardTrick/Preview Content\"";
				DEVELOPMENT_TEAM = F3S2XGQQQ4;
				ENABLE_PREVIEWS = YES;
				INFOPLIST_FILE = PigeonHoleCardTrick/Info.plist;
				IPHONEOS_DEPLOYMENT_TARGET = 14.0;
				LD_RUNPATH_SEARCH_PATHS = (
					"$(inherited)",
					"@executable_path/Frameworks",
				);
				PRODUCT_BUNDLE_IDENTIFIER = com.bogdanzarioiu.PigeonHoleCardTrick;
				PRODUCT_NAME = "$(TARGET_NAME)";
				SWIFT_VERSION = 5.0;
				TARGETED_DEVICE_FAMILY = "1,2";
			};
			name = Debug;
		};
		B566FE8325F18FF100EB9724 /* Release */ = {
			isa = XCBuildConfiguration;
			buildSettings = {
				ASSETCATALOG_COMPILER_APPICON_NAME = AppIcon;
				ASSETCATALOG_COMPILER_GLOBAL_ACCENT_COLOR_NAME = AccentColor;
				CODE_SIGN_STYLE = Automatic;
				DEVELOPMENT_ASSET_PATHS = "\"PigeonHoleCardTrick/Preview Content\"";
				DEVELOPMENT_TEAM = F3S2XGQQQ4;
				ENABLE_PREVIEWS = YES;
				INFOPLIST_FILE = PigeonHoleCardTrick/Info.plist;
				IPHONEOS_DEPLOYMENT_TARGET = 14.0;
				LD_RUNPATH_SEARCH_PATHS = (
					"$(inherited)",
					"@executable_path/Frameworks",
				);
				PRODUCT_BUNDLE_IDENTIFIER = com.bogdanzarioiu.PigeonHoleCardTrick;
				PRODUCT_NAME = "$(TARGET_NAME)";
				SWIFT_VERSION = 5.0;
				TARGETED_DEVICE_FAMILY = "1,2";
			};
			name = Release;
		};
/* End XCBuildConfiguration section */

/* Begin XCConfigurationList section */
		B566FE6D25F18FF000EB9724 /* Build configuration list for PBXProject "PigeonHoleCardTrick" */ = {
			isa = XCConfigurationList;
			buildConfigurations = (
				B566FE7F25F18FF100EB9724 /* Debug */,
				B566FE8025F18FF100EB9724 /* Release */,
			);
			defaultConfigurationIsVisible = 0;
			defaultConfigurationName = Release;
		};
		B566FE8125F18FF100EB9724 /* Build configuration list for PBXNativeTarget "PigeonHoleCardTrick" */ = {
			isa = XCConfigurationList;
			buildConfigurations = (
				B566FE8225F18FF100EB9724 /* Debug */,
				B566FE8325F18FF100EB9724 /* Release */,
			);
			defaultConfigurationIsVisible = 0;
			defaultConfigurationName = Release;
		};
/* End XCConfigurationList section */
	};
	rootObject = B566FE6A25F18FF000EB9724 /* Project object */;
}
